
Microsoft Visual Studio Solution File, Format Version 12.00
# Visual Studio 15
VisualStudioVersion = 15.0.27703.2018
MinimumVisualStudioVersion = 10.0.40219.1
Project("{9A19103F-16F7-4668-BE54-9A1E7A4F7556}") = "compressiontestserver", "compressiontestserver.csproj", "{312997DA-CDC3-4D53-BD77-B2DE4B940ABB}"
EndProject
Project("{FAE04EC0-301F-11D3-BF4B-00C04F79EFBC}") = "Tests", "..\Tests\Tests.csproj", "{A30C0DC5-3716-433A-A79F-BF77E6FA06BC}"
EndProject
Global
	GlobalSection(SolutionConfigurationPlatforms) = preSolution
		Debug|Any CPU = Debug|Any CPU
		Release|Any CPU = Release|Any CPU
	EndGlobalSection
	GlobalSection(ProjectConfigurationPlatforms) = postSolution
		{312997DA-CDC3-4D53-BD77-B2DE4B940ABB}.Debug|Any CPU.ActiveCfg = Debug|Any CPU
		{312997DA-CDC3-4D53-BD77-B2DE4B940ABB}.Debug|Any CPU.Build.0 = Debug|Any CPU
		{312997DA-CDC3-4D53-BD77-B2DE4B940ABB}.Release|Any CPU.ActiveCfg = Release|Any CPU
		{312997DA-CDC3-4D53-BD77-B2DE4B940ABB}.Release|Any CPU.Build.0 = Release|Any CPU
		{A30C0DC5-3716-433A-A79F-BF77E6FA06BC}.Debug|Any CPU.ActiveCfg = Debug|Any CPU
		{A30C0DC5-3716-433A-A79F-BF77E6FA06BC}.Debug|Any CPU.Build.0 = Debug|Any CPU
		{A30C0DC5-3716-433A-A79F-BF77E6FA06BC}.Release|Any CPU.ActiveCfg = Release|Any CPU
		{A30C0DC5-3716-433A-A79F-BF77E6FA06BC}.Release|Any CPU.Build.0 = Release|Any CPU
	EndGlobalSection
	GlobalSection(SolutionProperties) = preSolution
		HideSolutionNode = FALSE
	EndGlobalSection
	GlobalSection(ExtensibilityGlobals) = postSolution
		SolutionGuid = {9A08E38B-2503-4E9F-977F-ADA5C91D9457}
	EndGlobalSection
EndGlobal
